// !$*UTF8*$!
{
	archiveVersion = 1;
	classes = {
	};
	objectVersion = 50;
	objects = {

/* Begin PBXBuildFile section */
		1F6C5B12254A600A007BAF1F /* SingleResponseModel.swift in Sources */ = {isa = PBXBuildFile; fileRef = 1F6C5B11254A600A007BAF1F /* SingleResponseModel.swift */; };
		1F6C5B15254A607B007BAF1F /* AuthorResponseModel.swift in Sources */ = {isa = PBXBuildFile; fileRef = 1F6C5B14254A607B007BAF1F /* AuthorResponseModel.swift */; };
		1F6C5B18254A60F9007BAF1F /* EntryResponseModel.swift in Sources */ = {isa = PBXBuildFile; fileRef = 1F6C5B17254A60F9007BAF1F /* EntryResponseModel.swift */; };
		1F6C5B20254AEA98007BAF1F /* ContentAttributeResponseModel.swift in Sources */ = {isa = PBXBuildFile; fileRef = 1F6C5B1F254AEA98007BAF1F /* ContentAttributeResponseModel.swift */; };
		1F6C5B23254AEB6C007BAF1F /* ContentResponseModel.swift in Sources */ = {isa = PBXBuildFile; fileRef = 1F6C5B22254AEB6C007BAF1F /* ContentResponseModel.swift */; };
		1F6C5B26254AEBEE007BAF1F /* LinkAttributesResponseModel.swift in Sources */ = {isa = PBXBuildFile; fileRef = 1F6C5B25254AEBEE007BAF1F /* LinkAttributesResponseModel.swift */; };
		1F6C5B2A254AED75007BAF1F /* LinkResponseModel.swift in Sources */ = {isa = PBXBuildFile; fileRef = 1F6C5B29254AED75007BAF1F /* LinkResponseModel.swift */; };
		1F6C5B2D254AEE65007BAF1F /* ContentTypeAttributesResponseModel.swift in Sources */ = {isa = PBXBuildFile; fileRef = 1F6C5B2C254AEE65007BAF1F /* ContentTypeAttributesResponseModel.swift */; };
		1F6C5B31254AEEE6007BAF1F /* ContentTypeResponseModel.swift in Sources */ = {isa = PBXBuildFile; fileRef = 1F6C5B30254AEEE6007BAF1F /* ContentTypeResponseModel.swift */; };
		1F6C5B34254AF3DC007BAF1F /* FeedResponseModel.swift in Sources */ = {isa = PBXBuildFile; fileRef = 1F6C5B33254AF3DC007BAF1F /* FeedResponseModel.swift */; };
		1F6C5B39254BE950007BAF1F /* StringExtension.swift in Sources */ = {isa = PBXBuildFile; fileRef = 1F6C5B38254BE950007BAF1F /* StringExtension.swift */; };
		1F6C5B3C254C2461007BAF1F /* DictionaryExtension.swift in Sources */ = {isa = PBXBuildFile; fileRef = 1F6C5B3B254C2461007BAF1F /* DictionaryExtension.swift */; };
		1F6C5B4A254C3A70007BAF1F /* Connectivitiy.swift in Sources */ = {isa = PBXBuildFile; fileRef = 1F6C5B49254C3A70007BAF1F /* Connectivitiy.swift */; };
		1FCCA7DB25458BBC008E3D74 /* AppDelegate.swift in Sources */ = {isa = PBXBuildFile; fileRef = 1FCCA7DA25458BBC008E3D74 /* AppDelegate.swift */; };
		1FCCA7DD25458BBC008E3D74 /* SceneDelegate.swift in Sources */ = {isa = PBXBuildFile; fileRef = 1FCCA7DC25458BBC008E3D74 /* SceneDelegate.swift */; };
		1FCCA7E425458BBF008E3D74 /* Assets.xcassets in Resources */ = {isa = PBXBuildFile; fileRef = 1FCCA7E325458BBF008E3D74 /* Assets.xcassets */; };
		1FCCA7E725458BBF008E3D74 /* LaunchScreen.storyboard in Resources */ = {isa = PBXBuildFile; fileRef = 1FCCA7E525458BBF008E3D74 /* LaunchScreen.storyboard */; };
		1FCCA81225459353008E3D74 /* FeedViewController.swift in Sources */ = {isa = PBXBuildFile; fileRef = 1FCCA81125459353008E3D74 /* FeedViewController.swift */; };
		1FCCA8172545938B008E3D74 /* BaseViewController.swift in Sources */ = {isa = PBXBuildFile; fileRef = 1FCCA8162545938B008E3D74 /* BaseViewController.swift */; };
		1FCCA81F254597B8008E3D74 /* BaseInteractor.swift in Sources */ = {isa = PBXBuildFile; fileRef = 1FCCA81E254597B8008E3D74 /* BaseInteractor.swift */; };
		1FCCA822254597FA008E3D74 /* BasePresenter.swift in Sources */ = {isa = PBXBuildFile; fileRef = 1FCCA821254597FA008E3D74 /* BasePresenter.swift */; };
		1FCCA8252545A2D8008E3D74 /* FeedInteractor.swift in Sources */ = {isa = PBXBuildFile; fileRef = 1FCCA8242545A2D8008E3D74 /* FeedInteractor.swift */; };
		1FCCA8282545A4B3008E3D74 /* FeedPresenter.swift in Sources */ = {isa = PBXBuildFile; fileRef = 1FCCA8272545A4B3008E3D74 /* FeedPresenter.swift */; };
		1FCCA82C2545AD57008E3D74 /* TypeHelper.swift in Sources */ = {isa = PBXBuildFile; fileRef = 1FCCA82B2545AD57008E3D74 /* TypeHelper.swift */; };
		1FCCA8312545AE20008E3D74 /* FeedPostCell.swift in Sources */ = {isa = PBXBuildFile; fileRef = 1FCCA8302545AE20008E3D74 /* FeedPostCell.swift */; };
		1FCCA8382545B242008E3D74 /* UIViewExtension.swift in Sources */ = {isa = PBXBuildFile; fileRef = 1FCCA8372545B242008E3D74 /* UIViewExtension.swift */; };
		1FCCA83C2545B24F008E3D74 /* UIColorExtension.swift in Sources */ = {isa = PBXBuildFile; fileRef = 1FCCA83B2545B24F008E3D74 /* UIColorExtension.swift */; };
		1FCCA8452547B4C4008E3D74 /* FeedCollectionViewAdapter.swift in Sources */ = {isa = PBXBuildFile; fileRef = 1FCCA8442547B4C4008E3D74 /* FeedCollectionViewAdapter.swift */; };
		1FCCA84B2547B5AA008E3D74 /* ReviewApplicationModel.swift in Sources */ = {isa = PBXBuildFile; fileRef = 1FCCA84A2547B5AA008E3D74 /* ReviewApplicationModel.swift */; };
		1FCCA84F2547B660008E3D74 /* AppStoreReviewResponseModel.swift in Sources */ = {isa = PBXBuildFile; fileRef = 1FCCA84E2547B660008E3D74 /* AppStoreReviewResponseModel.swift */; };
		1FCCA8582547C3E1008E3D74 /* UICollectionViewCellExtension.swift in Sources */ = {isa = PBXBuildFile; fileRef = 1FCCA8572547C3E1008E3D74 /* UICollectionViewCellExtension.swift */; };
		1FCCA86725490BB6008E3D74 /* FeedDetailViewController.swift in Sources */ = {isa = PBXBuildFile; fileRef = 1FCCA86625490BB6008E3D74 /* FeedDetailViewController.swift */; };
		1FCCA86B25490BC4008E3D74 /* FeedDetailInteractor.swift in Sources */ = {isa = PBXBuildFile; fileRef = 1FCCA86A25490BC4008E3D74 /* FeedDetailInteractor.swift */; };
		1FCCA86E25490BCB008E3D74 /* FeedDetailPresenter.swift in Sources */ = {isa = PBXBuildFile; fileRef = 1FCCA86D25490BCB008E3D74 /* FeedDetailPresenter.swift */; };
		1FCCA87725499F0A008E3D74 /* Routable.swift in Sources */ = {isa = PBXBuildFile; fileRef = 1FCCA87625499F0A008E3D74 /* Routable.swift */; };
		1FCCA87B2549A013008E3D74 /* APIRouter.swift in Sources */ = {isa = PBXBuildFile; fileRef = 1FCCA87A2549A013008E3D74 /* APIRouter.swift */; };
		1FCCA87E2549A215008E3D74 /* APIClient.swift in Sources */ = {isa = PBXBuildFile; fileRef = 1FCCA87D2549A215008E3D74 /* APIClient.swift */; };
		1FCCA8812549A425008E3D74 /* URLRequest+API.swift in Sources */ = {isa = PBXBuildFile; fileRef = 1FCCA8802549A425008E3D74 /* URLRequest+API.swift */; };
		1FCCA8842549A4C0008E3D74 /* URLComponents+API.swift in Sources */ = {isa = PBXBuildFile; fileRef = 1FCCA8832549A4C0008E3D74 /* URLComponents+API.swift */; };
		1FCCA8872549A4DD008E3D74 /* EncodableExtension.swift in Sources */ = {isa = PBXBuildFile; fileRef = 1FCCA8862549A4DD008E3D74 /* EncodableExtension.swift */; };
		1FCCA88A2549A4F0008E3D74 /* APIError.swift in Sources */ = {isa = PBXBuildFile; fileRef = 1FCCA8892549A4F0008E3D74 /* APIError.swift */; };
		1FCCA88D2549A524008E3D74 /* ParametersEncoding.swift in Sources */ = {isa = PBXBuildFile; fileRef = 1FCCA88C2549A524008E3D74 /* ParametersEncoding.swift */; };
		1FCCA8902549A53B008E3D74 /* HTTPMethod.swift in Sources */ = {isa = PBXBuildFile; fileRef = 1FCCA88F2549A53B008E3D74 /* HTTPMethod.swift */; };
		1FCCA8932549A555008E3D74 /* APIResponse.swift in Sources */ = {isa = PBXBuildFile; fileRef = 1FCCA8922549A555008E3D74 /* APIResponse.swift */; };
		1FCCA8962549A569008E3D74 /* Task.swift in Sources */ = {isa = PBXBuildFile; fileRef = 1FCCA8952549A569008E3D74 /* Task.swift */; };
		1FCCA89B2549A917008E3D74 /* Constants.swift in Sources */ = {isa = PBXBuildFile; fileRef = 1FCCA89A2549A917008E3D74 /* Constants.swift */; };
/* End PBXBuildFile section */

/* Begin PBXFileReference section */
		1F6C5B11254A600A007BAF1F /* SingleResponseModel.swift */ = {isa = PBXFileReference; lastKnownFileType = sourcecode.swift; path = SingleResponseModel.swift; sourceTree = "<group>"; };
		1F6C5B14254A607B007BAF1F /* AuthorResponseModel.swift */ = {isa = PBXFileReference; lastKnownFileType = sourcecode.swift; path = AuthorResponseModel.swift; sourceTree = "<group>"; };
		1F6C5B17254A60F9007BAF1F /* EntryResponseModel.swift */ = {isa = PBXFileReference; lastKnownFileType = sourcecode.swift; path = EntryResponseModel.swift; sourceTree = "<group>"; };
		1F6C5B1F254AEA98007BAF1F /* ContentAttributeResponseModel.swift */ = {isa = PBXFileReference; lastKnownFileType = sourcecode.swift; path = ContentAttributeResponseModel.swift; sourceTree = "<group>"; };
		1F6C5B22254AEB6C007BAF1F /* ContentResponseModel.swift */ = {isa = PBXFileReference; lastKnownFileType = sourcecode.swift; path = ContentResponseModel.swift; sourceTree = "<group>"; };
		1F6C5B25254AEBEE007BAF1F /* LinkAttributesResponseModel.swift */ = {isa = PBXFileReference; lastKnownFileType = sourcecode.swift; path = LinkAttributesResponseModel.swift; sourceTree = "<group>"; };
		1F6C5B29254AED75007BAF1F /* LinkResponseModel.swift */ = {isa = PBXFileReference; lastKnownFileType = sourcecode.swift; path = LinkResponseModel.swift; sourceTree = "<group>"; };
		1F6C5B2C254AEE65007BAF1F /* ContentTypeAttributesResponseModel.swift */ = {isa = PBXFileReference; lastKnownFileType = sourcecode.swift; path = ContentTypeAttributesResponseModel.swift; sourceTree = "<group>"; };
		1F6C5B30254AEEE6007BAF1F /* ContentTypeResponseModel.swift */ = {isa = PBXFileReference; lastKnownFileType = sourcecode.swift; path = ContentTypeResponseModel.swift; sourceTree = "<group>"; };
		1F6C5B33254AF3DC007BAF1F /* FeedResponseModel.swift */ = {isa = PBXFileReference; lastKnownFileType = sourcecode.swift; path = FeedResponseModel.swift; sourceTree = "<group>"; };
		1F6C5B38254BE950007BAF1F /* StringExtension.swift */ = {isa = PBXFileReference; lastKnownFileType = sourcecode.swift; path = StringExtension.swift; sourceTree = "<group>"; };
		1F6C5B3B254C2461007BAF1F /* DictionaryExtension.swift */ = {isa = PBXFileReference; lastKnownFileType = sourcecode.swift; path = DictionaryExtension.swift; sourceTree = "<group>"; };
		1F6C5B49254C3A70007BAF1F /* Connectivitiy.swift */ = {isa = PBXFileReference; lastKnownFileType = sourcecode.swift; path = Connectivitiy.swift; sourceTree = "<group>"; };
		1FCCA7D725458BBC008E3D74 /* StoreReviews.app */ = {isa = PBXFileReference; explicitFileType = wrapper.application; includeInIndex = 0; path = StoreReviews.app; sourceTree = BUILT_PRODUCTS_DIR; };
		1FCCA7DA25458BBC008E3D74 /* AppDelegate.swift */ = {isa = PBXFileReference; lastKnownFileType = sourcecode.swift; path = AppDelegate.swift; sourceTree = "<group>"; };
		1FCCA7DC25458BBC008E3D74 /* SceneDelegate.swift */ = {isa = PBXFileReference; lastKnownFileType = sourcecode.swift; path = SceneDelegate.swift; sourceTree = "<group>"; };
		1FCCA7E325458BBF008E3D74 /* Assets.xcassets */ = {isa = PBXFileReference; lastKnownFileType = folder.assetcatalog; path = Assets.xcassets; sourceTree = "<group>"; };
		1FCCA7E625458BBF008E3D74 /* Base */ = {isa = PBXFileReference; lastKnownFileType = file.storyboard; name = Base; path = Base.lproj/LaunchScreen.storyboard; sourceTree = "<group>"; };
		1FCCA7E825458BBF008E3D74 /* Info.plist */ = {isa = PBXFileReference; lastKnownFileType = text.plist.xml; path = Info.plist; sourceTree = "<group>"; };
		1FCCA81125459353008E3D74 /* FeedViewController.swift */ = {isa = PBXFileReference; lastKnownFileType = sourcecode.swift; path = FeedViewController.swift; sourceTree = "<group>"; };
		1FCCA8162545938B008E3D74 /* BaseViewController.swift */ = {isa = PBXFileReference; lastKnownFileType = sourcecode.swift; path = BaseViewController.swift; sourceTree = "<group>"; };
		1FCCA81E254597B8008E3D74 /* BaseInteractor.swift */ = {isa = PBXFileReference; lastKnownFileType = sourcecode.swift; path = BaseInteractor.swift; sourceTree = "<group>"; };
		1FCCA821254597FA008E3D74 /* BasePresenter.swift */ = {isa = PBXFileReference; lastKnownFileType = sourcecode.swift; path = BasePresenter.swift; sourceTree = "<group>"; };
		1FCCA8242545A2D8008E3D74 /* FeedInteractor.swift */ = {isa = PBXFileReference; lastKnownFileType = sourcecode.swift; path = FeedInteractor.swift; sourceTree = "<group>"; };
		1FCCA8272545A4B3008E3D74 /* FeedPresenter.swift */ = {isa = PBXFileReference; lastKnownFileType = sourcecode.swift; path = FeedPresenter.swift; sourceTree = "<group>"; };
		1FCCA82B2545AD57008E3D74 /* TypeHelper.swift */ = {isa = PBXFileReference; lastKnownFileType = sourcecode.swift; path = TypeHelper.swift; sourceTree = "<group>"; };
		1FCCA8302545AE20008E3D74 /* FeedPostCell.swift */ = {isa = PBXFileReference; lastKnownFileType = sourcecode.swift; path = FeedPostCell.swift; sourceTree = "<group>"; };
		1FCCA8372545B242008E3D74 /* UIViewExtension.swift */ = {isa = PBXFileReference; lastKnownFileType = sourcecode.swift; path = UIViewExtension.swift; sourceTree = "<group>"; };
		1FCCA83B2545B24F008E3D74 /* UIColorExtension.swift */ = {isa = PBXFileReference; lastKnownFileType = sourcecode.swift; path = UIColorExtension.swift; sourceTree = "<group>"; };
		1FCCA8442547B4C4008E3D74 /* FeedCollectionViewAdapter.swift */ = {isa = PBXFileReference; lastKnownFileType = sourcecode.swift; path = FeedCollectionViewAdapter.swift; sourceTree = "<group>"; };
		1FCCA84A2547B5AA008E3D74 /* ReviewApplicationModel.swift */ = {isa = PBXFileReference; lastKnownFileType = sourcecode.swift; path = ReviewApplicationModel.swift; sourceTree = "<group>"; };
		1FCCA84E2547B660008E3D74 /* AppStoreReviewResponseModel.swift */ = {isa = PBXFileReference; lastKnownFileType = sourcecode.swift; path = AppStoreReviewResponseModel.swift; sourceTree = "<group>"; };
		1FCCA8572547C3E1008E3D74 /* UICollectionViewCellExtension.swift */ = {isa = PBXFileReference; lastKnownFileType = sourcecode.swift; path = UICollectionViewCellExtension.swift; sourceTree = "<group>"; };
		1FCCA86625490BB6008E3D74 /* FeedDetailViewController.swift */ = {isa = PBXFileReference; lastKnownFileType = sourcecode.swift; path = FeedDetailViewController.swift; sourceTree = "<group>"; };
		1FCCA86A25490BC4008E3D74 /* FeedDetailInteractor.swift */ = {isa = PBXFileReference; lastKnownFileType = sourcecode.swift; path = FeedDetailInteractor.swift; sourceTree = "<group>"; };
		1FCCA86D25490BCB008E3D74 /* FeedDetailPresenter.swift */ = {isa = PBXFileReference; lastKnownFileType = sourcecode.swift; path = FeedDetailPresenter.swift; sourceTree = "<group>"; };
		1FCCA87625499F0A008E3D74 /* Routable.swift */ = {isa = PBXFileReference; lastKnownFileType = sourcecode.swift; path = Routable.swift; sourceTree = "<group>"; };
		1FCCA87A2549A013008E3D74 /* APIRouter.swift */ = {isa = PBXFileReference; lastKnownFileType = sourcecode.swift; path = APIRouter.swift; sourceTree = "<group>"; };
		1FCCA87D2549A215008E3D74 /* APIClient.swift */ = {isa = PBXFileReference; lastKnownFileType = sourcecode.swift; path = APIClient.swift; sourceTree = "<group>"; };
		1FCCA8802549A425008E3D74 /* URLRequest+API.swift */ = {isa = PBXFileReference; lastKnownFileType = sourcecode.swift; path = "URLRequest+API.swift"; sourceTree = "<group>"; };
		1FCCA8832549A4C0008E3D74 /* URLComponents+API.swift */ = {isa = PBXFileReference; lastKnownFileType = sourcecode.swift; path = "URLComponents+API.swift"; sourceTree = "<group>"; };
		1FCCA8862549A4DD008E3D74 /* EncodableExtension.swift */ = {isa = PBXFileReference; lastKnownFileType = sourcecode.swift; path = EncodableExtension.swift; sourceTree = "<group>"; };
		1FCCA8892549A4F0008E3D74 /* APIError.swift */ = {isa = PBXFileReference; lastKnownFileType = sourcecode.swift; path = APIError.swift; sourceTree = "<group>"; };
		1FCCA88C2549A524008E3D74 /* ParametersEncoding.swift */ = {isa = PBXFileReference; lastKnownFileType = sourcecode.swift; path = ParametersEncoding.swift; sourceTree = "<group>"; };
		1FCCA88F2549A53B008E3D74 /* HTTPMethod.swift */ = {isa = PBXFileReference; lastKnownFileType = sourcecode.swift; path = HTTPMethod.swift; sourceTree = "<group>"; };
		1FCCA8922549A555008E3D74 /* APIResponse.swift */ = {isa = PBXFileReference; lastKnownFileType = sourcecode.swift; path = APIResponse.swift; sourceTree = "<group>"; };
		1FCCA8952549A569008E3D74 /* Task.swift */ = {isa = PBXFileReference; lastKnownFileType = sourcecode.swift; path = Task.swift; sourceTree = "<group>"; };
		1FCCA89A2549A917008E3D74 /* Constants.swift */ = {isa = PBXFileReference; lastKnownFileType = sourcecode.swift; path = Constants.swift; sourceTree = "<group>"; };
/* End PBXFileReference section */

/* Begin PBXFrameworksBuildPhase section */
		1FCCA7D425458BBC008E3D74 /* Frameworks */ = {
			isa = PBXFrameworksBuildPhase;
			buildActionMask = 2147483647;
			files = (
			);
			runOnlyForDeploymentPostprocessing = 0;
		};
/* End PBXFrameworksBuildPhase section */

/* Begin PBXGroup section */
		1F6C5B36254AF892007BAF1F /* AppStoreReviewResponseModel */ = {
			isa = PBXGroup;
			children = (
				1FCCA84E2547B660008E3D74 /* AppStoreReviewResponseModel.swift */,
				1F6C5B11254A600A007BAF1F /* SingleResponseModel.swift */,
				1F6C5B14254A607B007BAF1F /* AuthorResponseModel.swift */,
				1F6C5B17254A60F9007BAF1F /* EntryResponseModel.swift */,
				1F6C5B1F254AEA98007BAF1F /* ContentAttributeResponseModel.swift */,
				1F6C5B22254AEB6C007BAF1F /* ContentResponseModel.swift */,
				1F6C5B25254AEBEE007BAF1F /* LinkAttributesResponseModel.swift */,
				1F6C5B29254AED75007BAF1F /* LinkResponseModel.swift */,
				1F6C5B2C254AEE65007BAF1F /* ContentTypeAttributesResponseModel.swift */,
				1F6C5B30254AEEE6007BAF1F /* ContentTypeResponseModel.swift */,
				1F6C5B33254AF3DC007BAF1F /* FeedResponseModel.swift */,
			);
			path = AppStoreReviewResponseModel;
			sourceTree = "<group>";
		};
		1FCCA7CE25458BBB008E3D74 = {
			isa = PBXGroup;
			children = (
				1FCCA7D925458BBC008E3D74 /* StoreReviews */,
				1FCCA7D825458BBC008E3D74 /* Products */,
			);
			sourceTree = "<group>";
		};
		1FCCA7D825458BBC008E3D74 /* Products */ = {
			isa = PBXGroup;
			children = (
				1FCCA7D725458BBC008E3D74 /* StoreReviews.app */,
			);
			name = Products;
			sourceTree = "<group>";
		};
		1FCCA7D925458BBC008E3D74 /* StoreReviews */ = {
			isa = PBXGroup;
			children = (
				1FCCA87125499EBD008E3D74 /* Network */,
				1FCCA86425490B54008E3D74 /* AppDelegate */,
				1FCCA8472547B555008E3D74 /* Models */,
				1FCCA80F2545932B008E3D74 /* Scenes */,
				1FCCA86325490AFD008E3D74 /* Utils */,
				1FCCA82A2545AD34008E3D74 /* Supporting Files */,
			);
			path = StoreReviews;
			sourceTree = "<group>";
		};
		1FCCA80F2545932B008E3D74 /* Scenes */ = {
			isa = PBXGroup;
			children = (
				1FCCA81525459382008E3D74 /* BaseViewController */,
				1FCCA81025459331008E3D74 /* Feed */,
				1FCCA86225490AC7008E3D74 /* Feed Detail */,
			);
			path = Scenes;
			sourceTree = "<group>";
		};
		1FCCA81025459331008E3D74 /* Feed */ = {
			isa = PBXGroup;
			children = (
				1FCCA82F2545AE0B008E3D74 /* FeedPostCell */,
				1FCCA81125459353008E3D74 /* FeedViewController.swift */,
				1FCCA8242545A2D8008E3D74 /* FeedInteractor.swift */,
				1FCCA8272545A4B3008E3D74 /* FeedPresenter.swift */,
				1FCCA8442547B4C4008E3D74 /* FeedCollectionViewAdapter.swift */,
			);
			path = Feed;
			sourceTree = "<group>";
		};
		1FCCA81525459382008E3D74 /* BaseViewController */ = {
			isa = PBXGroup;
			children = (
				1FCCA8162545938B008E3D74 /* BaseViewController.swift */,
				1FCCA81E254597B8008E3D74 /* BaseInteractor.swift */,
				1FCCA821254597FA008E3D74 /* BasePresenter.swift */,
			);
			path = BaseViewController;
			sourceTree = "<group>";
		};
		1FCCA82A2545AD34008E3D74 /* Supporting Files */ = {
			isa = PBXGroup;
			children = (
				1FCCA7E325458BBF008E3D74 /* Assets.xcassets */,
				1FCCA7E825458BBF008E3D74 /* Info.plist */,
				1FCCA7E525458BBF008E3D74 /* LaunchScreen.storyboard */,
			);
			path = "Supporting Files";
			sourceTree = "<group>";
		};
		1FCCA82E2545ADD1008E3D74 /* Helper */ = {
			isa = PBXGroup;
			children = (
				1FCCA82B2545AD57008E3D74 /* TypeHelper.swift */,
				1F6C5B49254C3A70007BAF1F /* Connectivitiy.swift */,
			);
			path = Helper;
			sourceTree = "<group>";
		};
		1FCCA82F2545AE0B008E3D74 /* FeedPostCell */ = {
			isa = PBXGroup;
			children = (
				1FCCA8302545AE20008E3D74 /* FeedPostCell.swift */,
			);
			path = FeedPostCell;
			sourceTree = "<group>";
		};
		1FCCA8362545B217008E3D74 /* Extensions */ = {
			isa = PBXGroup;
			children = (
				1FCCA8372545B242008E3D74 /* UIViewExtension.swift */,
				1FCCA83B2545B24F008E3D74 /* UIColorExtension.swift */,
				1FCCA8572547C3E1008E3D74 /* UICollectionViewCellExtension.swift */,
				1F6C5B38254BE950007BAF1F /* StringExtension.swift */,
				1F6C5B3B254C2461007BAF1F /* DictionaryExtension.swift */,
			);
			path = Extensions;
			sourceTree = "<group>";
		};
		1FCCA8472547B555008E3D74 /* Models */ = {
			isa = PBXGroup;
			children = (
				1FCCA8492547B578008E3D74 /* Application Models */,
				1FCCA8482547B55E008E3D74 /* Response Models */,
			);
			path = Models;
			sourceTree = "<group>";
		};
		1FCCA8482547B55E008E3D74 /* Response Models */ = {
			isa = PBXGroup;
			children = (
				1F6C5B36254AF892007BAF1F /* AppStoreReviewResponseModel */,
			);
			path = "Response Models";
			sourceTree = "<group>";
		};
		1FCCA8492547B578008E3D74 /* Application Models */ = {
			isa = PBXGroup;
			children = (
				1FCCA84A2547B5AA008E3D74 /* ReviewApplicationModel.swift */,
			);
			path = "Application Models";
			sourceTree = "<group>";
		};
		1FCCA86225490AC7008E3D74 /* Feed Detail */ = {
			isa = PBXGroup;
			children = (
				1FCCA86625490BB6008E3D74 /* FeedDetailViewController.swift */,
				1FCCA86A25490BC4008E3D74 /* FeedDetailInteractor.swift */,
				1FCCA86D25490BCB008E3D74 /* FeedDetailPresenter.swift */,
			);
			path = "Feed Detail";
			sourceTree = "<group>";
		};
		1FCCA86325490AFD008E3D74 /* Utils */ = {
			isa = PBXGroup;
			children = (
				1FCCA8992549A908008E3D74 /* Constants */,
				1FCCA8362545B217008E3D74 /* Extensions */,
				1FCCA82E2545ADD1008E3D74 /* Helper */,
			);
			path = Utils;
			sourceTree = "<group>";
		};
		1FCCA86425490B54008E3D74 /* AppDelegate */ = {
			isa = PBXGroup;
			children = (
				1FCCA7DA25458BBC008E3D74 /* AppDelegate.swift */,
				1FCCA7DC25458BBC008E3D74 /* SceneDelegate.swift */,
			);
			path = AppDelegate;
			sourceTree = "<group>";
		};
		1FCCA87125499EBD008E3D74 /* Network */ = {
			isa = PBXGroup;
			children = (
				1FCCA87225499EC4008E3D74 /* Protocols */,
				1FCCA87325499ECA008E3D74 /* Client */,
				1FCCA87425499ECE008E3D74 /* Extensions */,
				1FCCA87525499ED7008E3D74 /* Enums */,
			);
			path = Network;
			sourceTree = "<group>";
		};
		1FCCA87225499EC4008E3D74 /* Protocols */ = {
			isa = PBXGroup;
			children = (
				1FCCA87625499F0A008E3D74 /* Routable.swift */,
				1FCCA87A2549A013008E3D74 /* APIRouter.swift */,
			);
			path = Protocols;
			sourceTree = "<group>";
		};
		1FCCA87325499ECA008E3D74 /* Client */ = {
			isa = PBXGroup;
			children = (
				1FCCA87D2549A215008E3D74 /* APIClient.swift */,
			);
			path = Client;
			sourceTree = "<group>";
		};
		1FCCA87425499ECE008E3D74 /* Extensions */ = {
			isa = PBXGroup;
			children = (
				1FCCA8802549A425008E3D74 /* URLRequest+API.swift */,
				1FCCA8832549A4C0008E3D74 /* URLComponents+API.swift */,
				1FCCA8862549A4DD008E3D74 /* EncodableExtension.swift */,
			);
			path = Extensions;
			sourceTree = "<group>";
		};
		1FCCA87525499ED7008E3D74 /* Enums */ = {
			isa = PBXGroup;
			children = (
				1FCCA8892549A4F0008E3D74 /* APIError.swift */,
				1FCCA88C2549A524008E3D74 /* ParametersEncoding.swift */,
				1FCCA88F2549A53B008E3D74 /* HTTPMethod.swift */,
				1FCCA8922549A555008E3D74 /* APIResponse.swift */,
				1FCCA8952549A569008E3D74 /* Task.swift */,
			);
			path = Enums;
			sourceTree = "<group>";
		};
		1FCCA8992549A908008E3D74 /* Constants */ = {
			isa = PBXGroup;
			children = (
				1FCCA89A2549A917008E3D74 /* Constants.swift */,
			);
			path = Constants;
			sourceTree = "<group>";
		};
/* End PBXGroup section */

/* Begin PBXNativeTarget section */
		1FCCA7D625458BBC008E3D74 /* StoreReviews */ = {
			isa = PBXNativeTarget;
			buildConfigurationList = 1FCCA7EB25458BBF008E3D74 /* Build configuration list for PBXNativeTarget "StoreReviews" */;
			buildPhases = (
				1FCCA7D325458BBC008E3D74 /* Sources */,
				1FCCA7D425458BBC008E3D74 /* Frameworks */,
				1FCCA7D525458BBC008E3D74 /* Resources */,
			);
			buildRules = (
			);
			dependencies = (
			);
			name = StoreReviews;
			productName = StoreReviews;
			productReference = 1FCCA7D725458BBC008E3D74 /* StoreReviews.app */;
			productType = "com.apple.product-type.application";
		};
/* End PBXNativeTarget section */

/* Begin PBXProject section */
		1FCCA7CF25458BBB008E3D74 /* Project object */ = {
			isa = PBXProject;
			attributes = {
				LastSwiftUpdateCheck = 1200;
				LastUpgradeCheck = 1200;
				TargetAttributes = {
					1FCCA7D625458BBC008E3D74 = {
						CreatedOnToolsVersion = 12.0.1;
					};
				};
			};
			buildConfigurationList = 1FCCA7D225458BBB008E3D74 /* Build configuration list for PBXProject "StoreReviews" */;
			compatibilityVersion = "Xcode 9.3";
			developmentRegion = en;
			hasScannedForEncodings = 0;
			knownRegions = (
				en,
				Base,
			);
			mainGroup = 1FCCA7CE25458BBB008E3D74;
			productRefGroup = 1FCCA7D825458BBC008E3D74 /* Products */;
			projectDirPath = "";
			projectRoot = "";
			targets = (
				1FCCA7D625458BBC008E3D74 /* StoreReviews */,
			);
		};
/* End PBXProject section */

/* Begin PBXResourcesBuildPhase section */
		1FCCA7D525458BBC008E3D74 /* Resources */ = {
			isa = PBXResourcesBuildPhase;
			buildActionMask = 2147483647;
			files = (
				1FCCA7E725458BBF008E3D74 /* LaunchScreen.storyboard in Resources */,
				1FCCA7E425458BBF008E3D74 /* Assets.xcassets in Resources */,
			);
			runOnlyForDeploymentPostprocessing = 0;
		};
/* End PBXResourcesBuildPhase section */

/* Begin PBXSourcesBuildPhase section */
		1FCCA7D325458BBC008E3D74 /* Sources */ = {
			isa = PBXSourcesBuildPhase;
			buildActionMask = 2147483647;
			files = (
				1FCCA8842549A4C0008E3D74 /* URLComponents+API.swift in Sources */,
				1FCCA8582547C3E1008E3D74 /* UICollectionViewCellExtension.swift in Sources */,
				1F6C5B15254A607B007BAF1F /* AuthorResponseModel.swift in Sources */,
				1FCCA7DB25458BBC008E3D74 /* AppDelegate.swift in Sources */,
				1FCCA822254597FA008E3D74 /* BasePresenter.swift in Sources */,
				1FCCA8932549A555008E3D74 /* APIResponse.swift in Sources */,
				1FCCA8382545B242008E3D74 /* UIViewExtension.swift in Sources */,
				1FCCA82C2545AD57008E3D74 /* TypeHelper.swift in Sources */,
				1F6C5B3C254C2461007BAF1F /* DictionaryExtension.swift in Sources */,
				1F6C5B39254BE950007BAF1F /* StringExtension.swift in Sources */,
				1FCCA87E2549A215008E3D74 /* APIClient.swift in Sources */,
				1FCCA88D2549A524008E3D74 /* ParametersEncoding.swift in Sources */,
				1FCCA89B2549A917008E3D74 /* Constants.swift in Sources */,
				1FCCA8282545A4B3008E3D74 /* FeedPresenter.swift in Sources */,
				1FCCA8872549A4DD008E3D74 /* EncodableExtension.swift in Sources */,
				1FCCA8812549A425008E3D74 /* URLRequest+API.swift in Sources */,
				1FCCA86E25490BCB008E3D74 /* FeedDetailPresenter.swift in Sources */,
				1FCCA87B2549A013008E3D74 /* APIRouter.swift in Sources */,
				1FCCA81F254597B8008E3D74 /* BaseInteractor.swift in Sources */,
				1F6C5B20254AEA98007BAF1F /* ContentAttributeResponseModel.swift in Sources */,
				1FCCA8312545AE20008E3D74 /* FeedPostCell.swift in Sources */,
				1FCCA8252545A2D8008E3D74 /* FeedInteractor.swift in Sources */,
				1FCCA8902549A53B008E3D74 /* HTTPMethod.swift in Sources */,
				1FCCA8172545938B008E3D74 /* BaseViewController.swift in Sources */,
				1FCCA84F2547B660008E3D74 /* AppStoreReviewResponseModel.swift in Sources */,
				1FCCA86725490BB6008E3D74 /* FeedDetailViewController.swift in Sources */,
				1F6C5B23254AEB6C007BAF1F /* ContentResponseModel.swift in Sources */,
				1F6C5B18254A60F9007BAF1F /* EntryResponseModel.swift in Sources */,
				1F6C5B34254AF3DC007BAF1F /* FeedResponseModel.swift in Sources */,
				1F6C5B26254AEBEE007BAF1F /* LinkAttributesResponseModel.swift in Sources */,
				1F6C5B4A254C3A70007BAF1F /* Connectivitiy.swift in Sources */,
				1F6C5B12254A600A007BAF1F /* SingleResponseModel.swift in Sources */,
				1FCCA81225459353008E3D74 /* FeedViewController.swift in Sources */,
				1FCCA8962549A569008E3D74 /* Task.swift in Sources */,
				1F6C5B2A254AED75007BAF1F /* LinkResponseModel.swift in Sources */,
				1FCCA86B25490BC4008E3D74 /* FeedDetailInteractor.swift in Sources */,
				1FCCA7DD25458BBC008E3D74 /* SceneDelegate.swift in Sources */,
				1F6C5B2D254AEE65007BAF1F /* ContentTypeAttributesResponseModel.swift in Sources */,
				1FCCA8452547B4C4008E3D74 /* FeedCollectionViewAdapter.swift in Sources */,
				1FCCA84B2547B5AA008E3D74 /* ReviewApplicationModel.swift in Sources */,
				1FCCA83C2545B24F008E3D74 /* UIColorExtension.swift in Sources */,
				1FCCA87725499F0A008E3D74 /* Routable.swift in Sources */,
				1F6C5B31254AEEE6007BAF1F /* ContentTypeResponseModel.swift in Sources */,
				1FCCA88A2549A4F0008E3D74 /* APIError.swift in Sources */,
			);
			runOnlyForDeploymentPostprocessing = 0;
		};
/* End PBXSourcesBuildPhase section */

/* Begin PBXVariantGroup section */
		1FCCA7E525458BBF008E3D74 /* LaunchScreen.storyboard */ = {
			isa = PBXVariantGroup;
			children = (
				1FCCA7E625458BBF008E3D74 /* Base */,
			);
			name = LaunchScreen.storyboard;
			sourceTree = "<group>";
		};
/* End PBXVariantGroup section */

/* Begin XCBuildConfiguration section */
		1FCCA7E925458BBF008E3D74 /* Debug */ = {
			isa = XCBuildConfiguration;
			buildSettings = {
				ALWAYS_SEARCH_USER_PATHS = NO;
				CLANG_ANALYZER_NONNULL = YES;
				CLANG_ANALYZER_NUMBER_OBJECT_CONVERSION = YES_AGGRESSIVE;
				CLANG_CXX_LANGUAGE_STANDARD = "gnu++14";
				CLANG_CXX_LIBRARY = "libc++";
				CLANG_ENABLE_MODULES = YES;
				CLANG_ENABLE_OBJC_ARC = YES;
				CLANG_ENABLE_OBJC_WEAK = YES;
				CLANG_WARN_BLOCK_CAPTURE_AUTORELEASING = YES;
				CLANG_WARN_BOOL_CONVERSION = YES;
				CLANG_WARN_COMMA = YES;
				CLANG_WARN_CONSTANT_CONVERSION = YES;
				CLANG_WARN_DEPRECATED_OBJC_IMPLEMENTATIONS = YES;
				CLANG_WARN_DIRECT_OBJC_ISA_USAGE = YES_ERROR;
				CLANG_WARN_DOCUMENTATION_COMMENTS = YES;
				CLANG_WARN_EMPTY_BODY = YES;
				CLANG_WARN_ENUM_CONVERSION = YES;
				CLANG_WARN_INFINITE_RECURSION = YES;
				CLANG_WARN_INT_CONVERSION = YES;
				CLANG_WARN_NON_LITERAL_NULL_CONVERSION = YES;
				CLANG_WARN_OBJC_IMPLICIT_RETAIN_SELF = YES;
				CLANG_WARN_OBJC_LITERAL_CONVERSION = YES;
				CLANG_WARN_OBJC_ROOT_CLASS = YES_ERROR;
				CLANG_WARN_QUOTED_INCLUDE_IN_FRAMEWORK_HEADER = YES;
				CLANG_WARN_RANGE_LOOP_ANALYSIS = YES;
				CLANG_WARN_STRICT_PROTOTYPES = YES;
				CLANG_WARN_SUSPICIOUS_MOVE = YES;
				CLANG_WARN_UNGUARDED_AVAILABILITY = YES_AGGRESSIVE;
				CLANG_WARN_UNREACHABLE_CODE = YES;
				CLANG_WARN__DUPLICATE_METHOD_MATCH = YES;
				COPY_PHASE_STRIP = NO;
				DEBUG_INFORMATION_FORMAT = dwarf;
				ENABLE_STRICT_OBJC_MSGSEND = YES;
				ENABLE_TESTABILITY = YES;
				GCC_C_LANGUAGE_STANDARD = gnu11;
				GCC_DYNAMIC_NO_PIC = NO;
				GCC_NO_COMMON_BLOCKS = YES;
				GCC_OPTIMIZATION_LEVEL = 0;
				GCC_PREPROCESSOR_DEFINITIONS = (
					"DEBUG=1",
					"$(inherited)",
				);
				GCC_WARN_64_TO_32_BIT_CONVERSION = YES;
				GCC_WARN_ABOUT_RETURN_TYPE = YES_ERROR;
				GCC_WARN_UNDECLARED_SELECTOR = YES;
				GCC_WARN_UNINITIALIZED_AUTOS = YES_AGGRESSIVE;
				GCC_WARN_UNUSED_FUNCTION = YES;
				GCC_WARN_UNUSED_VARIABLE = YES;
				IPHONEOS_DEPLOYMENT_TARGET = 14.0;
				MTL_ENABLE_DEBUG_INFO = INCLUDE_SOURCE;
				MTL_FAST_MATH = YES;
				ONLY_ACTIVE_ARCH = YES;
				SDKROOT = iphoneos;
				SWIFT_ACTIVE_COMPILATION_CONDITIONS = DEBUG;
				SWIFT_OPTIMIZATION_LEVEL = "-Onone";
			};
			name = Debug;
		};
		1FCCA7EA25458BBF008E3D74 /* Release */ = {
			isa = XCBuildConfiguration;
			buildSettings = {
				ALWAYS_SEARCH_USER_PATHS = NO;
				CLANG_ANALYZER_NONNULL = YES;
				CLANG_ANALYZER_NUMBER_OBJECT_CONVERSION = YES_AGGRESSIVE;
				CLANG_CXX_LANGUAGE_STANDARD = "gnu++14";
				CLANG_CXX_LIBRARY = "libc++";
				CLANG_ENABLE_MODULES = YES;
				CLANG_ENABLE_OBJC_ARC = YES;
				CLANG_ENABLE_OBJC_WEAK = YES;
				CLANG_WARN_BLOCK_CAPTURE_AUTORELEASING = YES;
				CLANG_WARN_BOOL_CONVERSION = YES;
				CLANG_WARN_COMMA = YES;
				CLANG_WARN_CONSTANT_CONVERSION = YES;
				CLANG_WARN_DEPRECATED_OBJC_IMPLEMENTATIONS = YES;
				CLANG_WARN_DIRECT_OBJC_ISA_USAGE = YES_ERROR;
				CLANG_WARN_DOCUMENTATION_COMMENTS = YES;
				CLANG_WARN_EMPTY_BODY = YES;
				CLANG_WARN_ENUM_CONVERSION = YES;
				CLANG_WARN_INFINITE_RECURSION = YES;
				CLANG_WARN_INT_CONVERSION = YES;
				CLANG_WARN_NON_LITERAL_NULL_CONVERSION = YES;
				CLANG_WARN_OBJC_IMPLICIT_RETAIN_SELF = YES;
				CLANG_WARN_OBJC_LITERAL_CONVERSION = YES;
				CLANG_WARN_OBJC_ROOT_CLASS = YES_ERROR;
				CLANG_WARN_QUOTED_INCLUDE_IN_FRAMEWORK_HEADER = YES;
				CLANG_WARN_RANGE_LOOP_ANALYSIS = YES;
				CLANG_WARN_STRICT_PROTOTYPES = YES;
				CLANG_WARN_SUSPICIOUS_MOVE = YES;
				CLANG_WARN_UNGUARDED_AVAILABILITY = YES_AGGRESSIVE;
				CLANG_WARN_UNREACHABLE_CODE = YES;
				CLANG_WARN__DUPLICATE_METHOD_MATCH = YES;
				COPY_PHASE_STRIP = NO;
				DEBUG_INFORMATION_FORMAT = "dwarf-with-dsym";
				ENABLE_NS_ASSERTIONS = NO;
				ENABLE_STRICT_OBJC_MSGSEND = YES;
				GCC_C_LANGUAGE_STANDARD = gnu11;
				GCC_NO_COMMON_BLOCKS = YES;
				GCC_WARN_64_TO_32_BIT_CONVERSION = YES;
				GCC_WARN_ABOUT_RETURN_TYPE = YES_ERROR;
				GCC_WARN_UNDECLARED_SELECTOR = YES;
				GCC_WARN_UNINITIALIZED_AUTOS = YES_AGGRESSIVE;
				GCC_WARN_UNUSED_FUNCTION = YES;
				GCC_WARN_UNUSED_VARIABLE = YES;
				IPHONEOS_DEPLOYMENT_TARGET = 14.0;
				MTL_ENABLE_DEBUG_INFO = NO;
				MTL_FAST_MATH = YES;
				SDKROOT = iphoneos;
				SWIFT_COMPILATION_MODE = wholemodule;
				SWIFT_OPTIMIZATION_LEVEL = "-O";
				VALIDATE_PRODUCT = YES;
			};
			name = Release;
		};
		1FCCA7EC25458BBF008E3D74 /* Debug */ = {
			isa = XCBuildConfiguration;
			buildSettings = {
				ASSETCATALOG_COMPILER_APPICON_NAME = AppIcon;
				ASSETCATALOG_COMPILER_GLOBAL_ACCENT_COLOR_NAME = AccentColor;
				CODE_SIGN_STYLE = Automatic;
				DEVELOPMENT_TEAM = 75S2KJNBB7;
				INFOPLIST_FILE = "StoreReviews/Supporting Files/Info.plist";
				LD_RUNPATH_SEARCH_PATHS = (
					"$(inherited)",
					"@executable_path/Frameworks",
				);
				PRODUCT_BUNDLE_IDENTIFIER = com.ugureratalar.StoreReviews;
				PRODUCT_NAME = "$(TARGET_NAME)";
				SWIFT_VERSION = 5.0;
				TARGETED_DEVICE_FAMILY = 1;
			};
			name = Debug;
		};
		1FCCA7ED25458BBF008E3D74 /* Release */ = {
			isa = XCBuildConfiguration;
			buildSettings = {
				ASSETCATALOG_COMPILER_APPICON_NAME = AppIcon;
				ASSETCATALOG_COMPILER_GLOBAL_ACCENT_COLOR_NAME = AccentColor;
				CODE_SIGN_STYLE = Automatic;
				DEVELOPMENT_TEAM = 75S2KJNBB7;
				INFOPLIST_FILE = "StoreReviews/Supporting Files/Info.plist";
				LD_RUNPATH_SEARCH_PATHS = (
					"$(inherited)",
					"@executable_path/Frameworks",
				);
				PRODUCT_BUNDLE_IDENTIFIER = com.ugureratalar.StoreReviews;
				PRODUCT_NAME = "$(TARGET_NAME)";
				SWIFT_VERSION = 5.0;
				TARGETED_DEVICE_FAMILY = 1;
			};
			name = Release;
		};
/* End XCBuildConfiguration section */

/* Begin XCConfigurationList section */
		1FCCA7D225458BBB008E3D74 /* Build configuration list for PBXProject "StoreReviews" */ = {
			isa = XCConfigurationList;
			buildConfigurations = (
				1FCCA7E925458BBF008E3D74 /* Debug */,
				1FCCA7EA25458BBF008E3D74 /* Release */,
			);
			defaultConfigurationIsVisible = 0;
			defaultConfigurationName = Release;
		};
		1FCCA7EB25458BBF008E3D74 /* Build configuration list for PBXNativeTarget "StoreReviews" */ = {
			isa = XCConfigurationList;
			buildConfigurations = (
				1FCCA7EC25458BBF008E3D74 /* Debug */,
				1FCCA7ED25458BBF008E3D74 /* Release */,
			);
			defaultConfigurationIsVisible = 0;
			defaultConfigurationName = Release;
		};
/* End XCConfigurationList section */
	};
	rootObject = 1FCCA7CF25458BBB008E3D74 /* Project object */;
}
